<<<<<<< HEAD
﻿
Microsoft Visual Studio Solution File, Format Version 12.00
# Visual Studio Version 17
VisualStudioVersion = 17.14.36804.6 d17.14
MinimumVisualStudioVersion = 10.0.40219.1
Project("{FAE04EC0-301F-11D3-BF4B-00C04F79EFBC}") = "ConsoleAppAssignment1", "ConsoleAppAssignment1\ConsoleAppAssignment1.csproj", "{5DC72CCD-DD1F-48C7-B7D6-E74593569899}"
EndProject
Global
	GlobalSection(SolutionConfigurationPlatforms) = preSolution
		Debug|Any CPU = Debug|Any CPU
		Release|Any CPU = Release|Any CPU
	EndGlobalSection
	GlobalSection(ProjectConfigurationPlatforms) = postSolution
		{5DC72CCD-DD1F-48C7-B7D6-E74593569899}.Debug|Any CPU.ActiveCfg = Debug|Any CPU
		{5DC72CCD-DD1F-48C7-B7D6-E74593569899}.Debug|Any CPU.Build.0 = Debug|Any CPU
		{5DC72CCD-DD1F-48C7-B7D6-E74593569899}.Release|Any CPU.ActiveCfg = Release|Any CPU
		{5DC72CCD-DD1F-48C7-B7D6-E74593569899}.Release|Any CPU.Build.0 = Release|Any CPU
	EndGlobalSection
	GlobalSection(SolutionProperties) = preSolution
		HideSolutionNode = FALSE
	EndGlobalSection
	GlobalSection(ExtensibilityGlobals) = postSolution
		SolutionGuid = {D7855548-8539-4F58-A2E2-6752574F8BEB}
	EndGlobalSection
EndGlobal
=======
﻿
Microsoft Visual Studio Solution File, Format Version 12.00
# Visual Studio Version 17
VisualStudioVersion = 17.14.36804.6 d17.14
MinimumVisualStudioVersion = 10.0.40219.1
Project("{FAE04EC0-301F-11D3-BF4B-00C04F79EFBC}") = "ConsoleAppAssignment1", "ConsoleAppAssignment1\ConsoleAppAssignment1.csproj", "{5DC72CCD-DD1F-48C7-B7D6-E74593569899}"
EndProject
Global
	GlobalSection(SolutionConfigurationPlatforms) = preSolution
		Debug|Any CPU = Debug|Any CPU
		Release|Any CPU = Release|Any CPU
	EndGlobalSection
	GlobalSection(ProjectConfigurationPlatforms) = postSolution
		{5DC72CCD-DD1F-48C7-B7D6-E74593569899}.Debug|Any CPU.ActiveCfg = Debug|Any CPU
		{5DC72CCD-DD1F-48C7-B7D6-E74593569899}.Debug|Any CPU.Build.0 = Debug|Any CPU
		{5DC72CCD-DD1F-48C7-B7D6-E74593569899}.Release|Any CPU.ActiveCfg = Release|Any CPU
		{5DC72CCD-DD1F-48C7-B7D6-E74593569899}.Release|Any CPU.Build.0 = Release|Any CPU
	EndGlobalSection
	GlobalSection(SolutionProperties) = preSolution
		HideSolutionNode = FALSE
	EndGlobalSection
	GlobalSection(ExtensibilityGlobals) = postSolution
		SolutionGuid = {D7855548-8539-4F58-A2E2-6752574F8BEB}
	EndGlobalSection
EndGlobal
>>>>>>> ba551efbeec5e184b7c902f54163ebf440893c7f
